
Microsoft Visual Studio Solution File, Format Version 12.00
# Visual Studio Version 16
VisualStudioVersion = 16.0.30114.105
MinimumVisualStudioVersion = 10.0.40219.1
Project("{FAE04EC0-301F-11D3-BF4B-00C04F79EFBC}") = "PLAY", "PLAY\PLAY.csproj", "{3C124C1F-2264-47CA-9890-C0D57526AE4E}"
EndProject
Global
	GlobalSection(SolutionConfigurationPlatforms) = preSolution
		Debug|Any CPU = Debug|Any CPU
		Release|Any CPU = Release|Any CPU
	EndGlobalSection
	GlobalSection(ProjectConfigurationPlatforms) = postSolution
		{3C124C1F-2264-47CA-9890-C0D57526AE4E}.Debug|Any CPU.ActiveCfg = Debug|Any CPU
		{3C124C1F-2264-47CA-9890-C0D57526AE4E}.Debug|Any CPU.Build.0 = Debug|Any CPU
		{3C124C1F-2264-47CA-9890-C0D57526AE4E}.Release|Any CPU.ActiveCfg = Release|Any CPU
		{3C124C1F-2264-47CA-9890-C0D57526AE4E}.Release|Any CPU.Build.0 = Release|Any CPU
	EndGlobalSection
	GlobalSection(SolutionProperties) = preSolution
		HideSolutionNode = FALSE
	EndGlobalSection
	GlobalSection(ExtensibilityGlobals) = postSolution
		SolutionGuid = {4891ACBB-CEF2-4885-A838-A5361815AAE5}
	EndGlobalSection
EndGlobal
